# THIS IS AN AUTOGENERATED FILE. DO NOT EDIT THIS FILE DIRECTLY.
# yarn lockfile v1


"@babel/parser@^7.16.4":
  "integrity" "sha512-YZWVaglMiplo7v8f1oMQ5ZPQr0vn7HPeZXxXWsxXJRjGVrzUFn9OxFQl1sb5wzfootjA/yChhW84BV+383FSOw=="
  "resolved" "https://registry.npmjs.org/@babel/parser/-/parser-7.18.5.tgz"
  "version" "7.18.5"

"@bytemd/plugin-gemoji@^1.17.0":
  "integrity" "sha512-MGbRTT4EfX+Svl3kVml3KkHN4wtW0snxm0MGECHcJgqgUfHxPG6gY0JND/Rv92RJTJ2C+KkX9T//u50xm3b8+Q=="
  "resolved" "https://registry.npmjs.org/@bytemd/plugin-gemoji/-/plugin-gemoji-1.17.0.tgz"
  "version" "1.17.0"
  dependencies:
    "remark-gemoji" "^7.0.1"

"@bytemd/plugin-gfm@^1.17.0":
  "integrity" "sha512-9ZFX3Sr3sUqIzbbxFJlQ9k6B58eY5PYY3VvT5AAeQuTw4XccTqvqSAyXSxJuDFAsE/iqEo+DOfHWLu3Pfk4OCg=="
  "resolved" "https://registry.npmjs.org/@bytemd/plugin-gfm/-/plugin-gfm-1.17.0.tgz"
  "version" "1.17.0"
  dependencies:
    "@icon-park/svg" "^1.4.0"
    "remark-gfm" "^3.0.1"

"@bytemd/plugin-highlight@^1.17.0":
  "integrity" "sha512-K5mAc4zKCgits6k2G6FzbX5kXBXm4Urp4CKhDk6EYGqbED1fB+yvc4AAd5io6B2wYQoP37HcYSND425Zp5l38A=="
  "resolved" "https://registry.npmjs.org/@bytemd/plugin-highlight/-/plugin-highlight-1.17.0.tgz"
  "version" "1.17.0"
  dependencies:
    "highlight.js" "^11.5.1"

"@bytemd/plugin-math@^1.17.0":
  "integrity" "sha512-d0oy20jxcUWq9Kr1Eq+I75Fb3n1IzPLX1KyGx3d8it5cPCfkxM2vAKeX9zCxFHovgh8UxQPB8xsnM8zzh8yL1Q=="
  "resolved" "https://registry.npmjs.org/@bytemd/plugin-math/-/plugin-math-1.17.0.tgz"
  "version" "1.17.0"
  dependencies:
    "@icon-park/svg" "^1.4.0"
    "@types/katex" "^0.14.0"
    "katex" "^0.16.0"
    "remark-math" "^5.1.1"

"@bytemd/plugin-medium-zoom@^1.17.0":
  "integrity" "sha512-3atiyMc0MuRCsvlx/1Z7fH938YsIsyxKeh1XQpxuTzkk2o9Q6u+ZJ5vbil08BgUe6QXvEQO3lc0FYL2OLuQjbg=="
  "resolved" "https://registry.npmjs.org/@bytemd/plugin-medium-zoom/-/plugin-medium-zoom-1.17.0.tgz"
  "version" "1.17.0"
  dependencies:
    "medium-zoom" "^1.0.6"

"@bytemd/vue-next@^1.15.0":
  "integrity" "sha512-Ka1ZbluUo2uV0QkZnkhhwVi2rzS8C8HNVR71rKE7mjByK3IX2h9pVNmdSiJTgJAQtMfomrgtGSroOk1tt0QEUw=="
  "resolved" "https://registry.npmjs.org/@bytemd/vue-next/-/vue-next-1.15.0.tgz"
  "version" "1.15.0"
  dependencies:
    "bytemd" "1.15.0"

"@icon-park/svg@^1.4.0":
  "integrity" "sha512-1X0DA+1e0R0liYvw+Nb2BQmF1oEo/wS3o/JYkQYifPJXCGYij2vN9sJf/NNhbzDsJWTg4W2bbzZjJvC7Q4w4oQ=="
  "resolved" "https://registry.npmjs.org/@icon-park/svg/-/svg-1.4.2.tgz"
  "version" "1.4.2"

"@tauri-apps/api@^1.0.1", "@tauri-apps/api@1.0.1":
  "integrity" "sha512-TJwKkXxtF52kN9Auu5TWD2AE4ssqTrsfdpIrixYwRb3gQ/FuYwvZjrMc9weYpgsW2cMhVNkvKgneNXF/4n04lw=="
  "resolved" "https://registry.npmjs.org/@tauri-apps/api/-/api-1.0.1.tgz"
  "version" "1.0.1"
  dependencies:
    "type-fest" "2.13.1"

"@tauri-apps/cli-darwin-arm64@1.0.0":
  "integrity" "sha512-0ryomgLjdpylXypMPVXLU3PZCde3Sw5nwN4coUhBcHPBLFRb8QPet+nweVK/HiZ3mxg8WeIazvpx2s8hS0l2GQ=="
  "resolved" "https://registry.npmjs.org/@tauri-apps/cli-darwin-arm64/-/cli-darwin-arm64-1.0.0.tgz"
  "version" "1.0.0"

"@tauri-apps/cli@^1.0.0":
  "integrity" "sha512-4eHnk3p0xnCXd9Zel3kLvdiiSURnN98GMFvWUAdirm5AjyOjcx8TIET/jqRYmYKE5yd+LMQqYMUfHRwA6JJUkg=="
  "resolved" "https://registry.npmjs.org/@tauri-apps/cli/-/cli-1.0.0.tgz"
  "version" "1.0.0"
  optionalDependencies:
    "@tauri-apps/cli-darwin-arm64" "1.0.0"
    "@tauri-apps/cli-darwin-x64" "1.0.0"
    "@tauri-apps/cli-linux-arm-gnueabihf" "1.0.0"
    "@tauri-apps/cli-linux-arm64-gnu" "1.0.0"
    "@tauri-apps/cli-linux-arm64-musl" "1.0.0"
    "@tauri-apps/cli-linux-x64-gnu" "1.0.0"
    "@tauri-apps/cli-linux-x64-musl" "1.0.0"
    "@tauri-apps/cli-win32-ia32-msvc" "1.0.0"
    "@tauri-apps/cli-win32-x64-msvc" "1.0.0"

"@types/codemirror@^5.60.5":
  "integrity" "sha512-TiECZmm8St5YxjFUp64LK0c8WU5bxMDt9YaAek1UqUb9swrSCoJhh92fWu1p3mTEqlHjhB5sY7OFBhWroJXZVg=="
  "resolved" "https://registry.npmjs.org/@types/codemirror/-/codemirror-5.60.5.tgz"
  "version" "5.60.5"
  dependencies:
    "@types/tern" "*"

"@types/debug@^4.0.0":
  "integrity" "sha512-9AonUzyTjXXhEOa0DnqpzZi6VHlqKMswga9EXjpXnnqxwLtdvPPtlO8evrI5D9S6asFRCQ6v+wpiUKbw+vKqyg=="
  "resolved" "https://registry.npmjs.org/@types/debug/-/debug-4.1.7.tgz"
  "version" "4.1.7"
  dependencies:
    "@types/ms" "*"

"@types/estree@*":
  "integrity" "sha512-CuPgU6f3eT/XgKKPqKd/gLZV1Xmvf1a2R5POBOGQa6uv82xpls89HU5zKeVoyR8XzHd1RGNOlQlvUe3CFkjWNQ=="
  "resolved" "https://registry.npmjs.org/@types/estree/-/estree-0.0.51.tgz"
  "version" "0.0.51"

"@types/katex@^0.11.0":
  "integrity" "sha512-DUlIj2nk0YnJdlWgsFuVKcX27MLW0KbKmGVoUHmFr+74FYYNUDAaj9ZqTADvsbE8rfxuVmSFc7KczYn5Y09ozg=="
  "resolved" "https://registry.npmjs.org/@types/katex/-/katex-0.11.1.tgz"
  "version" "0.11.1"

"@types/katex@^0.14.0":
  "integrity" "sha512-+2FW2CcT0K3P+JMR8YG846bmDwplKUTsWgT2ENwdQ1UdVfRk3GQrh6Mi4sTopy30gI8Uau5CEqHTDZ6YvWIUPA=="
  "resolved" "https://registry.npmjs.org/@types/katex/-/katex-0.14.0.tgz"
  "version" "0.14.0"

"@types/mdast@^3.0.0":
  "integrity" "sha512-W864tg/Osz1+9f4lrGTZpCSO5/z4608eUp19tbozkq2HJK6i3z1kT0H9tlADXuYIb1YYOBByU4Jsqkk75q48qA=="
  "resolved" "https://registry.npmjs.org/@types/mdast/-/mdast-3.0.10.tgz"
  "version" "3.0.10"
  dependencies:
    "@types/unist" "*"

"@types/ms@*":
  "integrity" "sha512-iiUgKzV9AuaEkZqkOLDIvlQiL6ltuZd9tGcW3gwpnX8JbuiuhFlEGmmFXEXkN50Cvq7Os88IY2v0dkDqXYWVgA=="
  "resolved" "https://registry.npmjs.org/@types/ms/-/ms-0.7.31.tgz"
  "version" "0.7.31"

"@types/tern@*":
  "integrity" "sha512-JAUw1iXGO1qaWwEOzxTKJZ/5JxVeON9kvGZ/osgZaJImBnyjyn0cjovPsf6FNLmyGY8Vw9DoXZCMlfMkMwHRWg=="
  "resolved" "https://registry.npmjs.org/@types/tern/-/tern-0.23.4.tgz"
  "version" "0.23.4"
  dependencies:
    "@types/estree" "*"

"@types/unist@*", "@types/unist@^2.0.0":
  "integrity" "sha512-PBjIUxZHOuj0R15/xuwJYjFi+KZdNFrehocChv4g5hu6aFroHue8m0lBP0POdK2nKzbw0cgV1mws8+V/JAcEkQ=="
  "resolved" "https://registry.npmjs.org/@types/unist/-/unist-2.0.6.tgz"
  "version" "2.0.6"

"@vitejs/plugin-vue@^2.3.3":
  "integrity" "sha512-SmQLDyhz+6lGJhPELsBdzXGc+AcaT8stgkbiTFGpXPe8Tl1tJaBw1A6pxDqDuRsVkD8uscrkx3hA7QDOoKYtyw=="
  "resolved" "https://registry.npmjs.org/@vitejs/plugin-vue/-/plugin-vue-2.3.3.tgz"
  "version" "2.3.3"

"@vue/compiler-core@3.2.37":
  "integrity" "sha512-81KhEjo7YAOh0vQJoSmAD68wLfYqJvoiD4ulyedzF+OEk/bk6/hx3fTNVfuzugIIaTrOx4PGx6pAiBRe5e9Zmg=="
  "resolved" "https://registry.npmjs.org/@vue/compiler-core/-/compiler-core-3.2.37.tgz"
  "version" "3.2.37"
  dependencies:
    "@babel/parser" "^7.16.4"
    "@vue/shared" "3.2.37"
    "estree-walker" "^2.0.2"
    "source-map" "^0.6.1"

"@vue/compiler-dom@3.2.37":
  "integrity" "sha512-yxJLH167fucHKxaqXpYk7x8z7mMEnXOw3G2q62FTkmsvNxu4FQSu5+3UMb+L7fjKa26DEzhrmCxAgFLLIzVfqQ=="
  "resolved" "https://registry.npmjs.org/@vue/compiler-dom/-/compiler-dom-3.2.37.tgz"
  "version" "3.2.37"
  dependencies:
    "@vue/compiler-core" "3.2.37"
    "@vue/shared" "3.2.37"

"@vue/compiler-sfc@3.2.37":
  "integrity" "sha512-+7i/2+9LYlpqDv+KTtWhOZH+pa8/HnX/905MdVmAcI/mPQOBwkHHIzrsEsucyOIZQYMkXUiTkmZq5am/NyXKkg=="
  "resolved" "https://registry.npmjs.org/@vue/compiler-sfc/-/compiler-sfc-3.2.37.tgz"
  "version" "3.2.37"
  dependencies:
    "@babel/parser" "^7.16.4"
    "@vue/compiler-core" "3.2.37"
    "@vue/compiler-dom" "3.2.37"
    "@vue/compiler-ssr" "3.2.37"
    "@vue/reactivity-transform" "3.2.37"
    "@vue/shared" "3.2.37"
    "estree-walker" "^2.0.2"
    "magic-string" "^0.25.7"
    "postcss" "^8.1.10"
    "source-map" "^0.6.1"

"@vue/compiler-ssr@3.2.37":
  "integrity" "sha512-7mQJD7HdXxQjktmsWp/J67lThEIcxLemz1Vb5I6rYJHR5vI+lON3nPGOH3ubmbvYGt8xEUaAr1j7/tIFWiEOqw=="
  "resolved" "https://registry.npmjs.org/@vue/compiler-ssr/-/compiler-ssr-3.2.37.tgz"
  "version" "3.2.37"
  dependencies:
    "@vue/compiler-dom" "3.2.37"
    "@vue/shared" "3.2.37"

"@vue/reactivity-transform@3.2.37":
  "integrity" "sha512-IWopkKEb+8qpu/1eMKVeXrK0NLw9HicGviJzhJDEyfxTR9e1WtpnnbYkJWurX6WwoFP0sz10xQg8yL8lgskAZg=="
  "resolved" "https://registry.npmjs.org/@vue/reactivity-transform/-/reactivity-transform-3.2.37.tgz"
  "version" "3.2.37"
  dependencies:
    "@babel/parser" "^7.16.4"
    "@vue/compiler-core" "3.2.37"
    "@vue/shared" "3.2.37"
    "estree-walker" "^2.0.2"
    "magic-string" "^0.25.7"

"@vue/reactivity@3.2.37":
  "integrity" "sha512-/7WRafBOshOc6m3F7plwzPeCu/RCVv9uMpOwa/5PiY1Zz+WLVRWiy0MYKwmg19KBdGtFWsmZ4cD+LOdVPcs52A=="
  "resolved" "https://registry.npmjs.org/@vue/reactivity/-/reactivity-3.2.37.tgz"
  "version" "3.2.37"
  dependencies:
    "@vue/shared" "3.2.37"

"@vue/runtime-core@3.2.37":
  "integrity" "sha512-JPcd9kFyEdXLl/i0ClS7lwgcs0QpUAWj+SKX2ZC3ANKi1U4DOtiEr6cRqFXsPwY5u1L9fAjkinIdB8Rz3FoYNQ=="
  "resolved" "https://registry.npmjs.org/@vue/runtime-core/-/runtime-core-3.2.37.tgz"
  "version" "3.2.37"
  dependencies:
    "@vue/reactivity" "3.2.37"
    "@vue/shared" "3.2.37"

"@vue/runtime-dom@3.2.37":
  "integrity" "sha512-HimKdh9BepShW6YozwRKAYjYQWg9mQn63RGEiSswMbW+ssIht1MILYlVGkAGGQbkhSh31PCdoUcfiu4apXJoPw=="
  "resolved" "https://registry.npmjs.org/@vue/runtime-dom/-/runtime-dom-3.2.37.tgz"
  "version" "3.2.37"
  dependencies:
    "@vue/runtime-core" "3.2.37"
    "@vue/shared" "3.2.37"
    "csstype" "^2.6.8"

"@vue/server-renderer@3.2.37":
  "integrity" "sha512-kLITEJvaYgZQ2h47hIzPh2K3jG8c1zCVbp/o/bzQOyvzaKiCquKS7AaioPI28GNxIsE/zSx+EwWYsNxDCX95MA=="
  "resolved" "https://registry.npmjs.org/@vue/server-renderer/-/server-renderer-3.2.37.tgz"
  "version" "3.2.37"
  dependencies:
    "@vue/compiler-ssr" "3.2.37"
    "@vue/shared" "3.2.37"

"@vue/shared@3.2.37":
  "integrity" "sha512-4rSJemR2NQIo9Klm1vabqWjD8rs/ZaJSzMxkMNeJS6lHiUjjUeYFbooN19NgFjztubEKh3WlZUeOLVdbbUWHsw=="
  "resolved" "https://registry.npmjs.org/@vue/shared/-/shared-3.2.37.tgz"
  "version" "3.2.37"

"bail@^2.0.0":
  "integrity" "sha512-0xO6mYd7JB2YesxDKplafRpsiOzPt9V02ddPCLbY1xYGPOX24NTyN50qnUxgCPcSoYMhKpAuBTjQoRZCAkUDRw=="
  "resolved" "https://registry.npmjs.org/bail/-/bail-2.0.2.tgz"
  "version" "2.0.2"

"bytemd@^1.5.0", "bytemd@1.15.0":
  "integrity" "sha512-27G6vP4oLuaAEISCs+PnCcrQu4aeUkvkcViSefU0KxqXjmFHzjouqKWgd55S7jZWdNy1GwPAYyzpAR8A7qqxLQ=="
  "resolved" "https://registry.npmjs.org/bytemd/-/bytemd-1.15.0.tgz"
  "version" "1.15.0"
  dependencies:
    "@types/codemirror" "^5.60.5"

"ccount@^2.0.0":
  "integrity" "sha512-eyrF0jiFpY+3drT6383f1qhkbGsLSifNAjA61IUjZjmLCWjItY6LB9ft9YhoDgwfmclB2zhu51Lc7+95b8NRAg=="
  "resolved" "https://registry.npmjs.org/ccount/-/ccount-2.0.1.tgz"
  "version" "2.0.1"

"character-entities@^2.0.0":
  "integrity" "sha512-shx7oQ0Awen/BRIdkjkvz54PnEEI/EjwXDSIZp86/KKdbafHh1Df/RYGBhn4hbe2+uKC9FnT5UCEdyPz3ai9hQ=="
  "resolved" "https://registry.npmjs.org/character-entities/-/character-entities-2.0.2.tgz"
  "version" "2.0.2"

"commander@^8.0.0":
  "integrity" "sha512-OkTL9umf+He2DZkUq8f8J9of7yL6RJKI24dVITBmNfZBmri9zYZQrKkuXiKhyfPSu8tUhnVBB1iKXevvnlR4Ww=="
  "resolved" "https://registry.npmjs.org/commander/-/commander-8.3.0.tgz"
  "version" "8.3.0"

"csstype@^2.6.8":
  "integrity" "sha512-/WwNkdXfckNgw6S5R125rrW8ez139lBHWouiBvX8dfMFtcn6V81REDqnH7+CRpRipfYlyU1CmOnOxrmGcFOjeA=="
  "resolved" "https://registry.npmjs.org/csstype/-/csstype-2.6.20.tgz"
  "version" "2.6.20"

"debug@^4.0.0":
  "integrity" "sha512-PRWFHuSU3eDtQJPvnNY7Jcket1j0t5OuOsFzPPzsekD52Zl8qUfFIPEiswXqIvHWGVHOgX+7G/vCNNhehwxfkQ=="
  "resolved" "https://registry.npmjs.org/debug/-/debug-4.3.4.tgz"
  "version" "4.3.4"
  dependencies:
    "ms" "2.1.2"

"decode-named-character-reference@^1.0.0":
  "integrity" "sha512-O8x12RzrUF8xyVcY0KJowWsmaJxQbmy0/EtnNtHRpsOcT7dFk5W598coHqBVpmWo1oQQfsCqfCmkZN5DJrZVdg=="
  "resolved" "https://registry.npmjs.org/decode-named-character-reference/-/decode-named-character-reference-1.0.2.tgz"
  "version" "1.0.2"
  dependencies:
    "character-entities" "^2.0.0"

"dequal@^2.0.0":
  "integrity" "sha512-q9K8BlJVxK7hQYqa6XISGmBZbtQQWVXSrRrWreHC94rMt1QL/Impruc+7p2CYSYuVIUr+YCt6hjrs1kkdJRTug=="
  "resolved" "https://registry.npmjs.org/dequal/-/dequal-2.0.2.tgz"
  "version" "2.0.2"

"diff@^5.0.0":
  "integrity" "sha512-D+mk+qE8VC/PAUrlAU34N+VfXev0ghe5ywmpqrawphmVZc1bEfn56uo9qpyGp1p4xpzOHkSW4ztBd6L7Xx4ACw=="
  "resolved" "https://registry.npmjs.org/diff/-/diff-5.1.0.tgz"
  "version" "5.1.0"

"esbuild-darwin-arm64@0.14.46":
  "integrity" "sha512-WX0JOaEFf6t+rIjXO6THsf/0fhQAt2Zb0/PSYlvXnuQQAmOmFAfPsuRNocp5ME0NGaUqZd4FxqqmLEVK3RzPAg=="
  "resolved" "https://registry.npmjs.org/esbuild-darwin-arm64/-/esbuild-darwin-arm64-0.14.46.tgz"
  "version" "0.14.46"

"esbuild@^0.14.27":
  "integrity" "sha512-vdm5G1JdZBktva8dwQci/s44VbeBUg8g907xoZx77mqFZ4gU5GlMULNsdGeID+qXCXocsfYSGtE0LvqH3eiNQg=="
  "resolved" "https://registry.npmjs.org/esbuild/-/esbuild-0.14.46.tgz"
  "version" "0.14.46"
  optionalDependencies:
    "esbuild-android-64" "0.14.46"
    "esbuild-android-arm64" "0.14.46"
    "esbuild-darwin-64" "0.14.46"
    "esbuild-darwin-arm64" "0.14.46"
    "esbuild-freebsd-64" "0.14.46"
    "esbuild-freebsd-arm64" "0.14.46"
    "esbuild-linux-32" "0.14.46"
    "esbuild-linux-64" "0.14.46"
    "esbuild-linux-arm" "0.14.46"
    "esbuild-linux-arm64" "0.14.46"
    "esbuild-linux-mips64le" "0.14.46"
    "esbuild-linux-ppc64le" "0.14.46"
    "esbuild-linux-riscv64" "0.14.46"
    "esbuild-linux-s390x" "0.14.46"
    "esbuild-netbsd-64" "0.14.46"
    "esbuild-openbsd-64" "0.14.46"
    "esbuild-sunos-64" "0.14.46"
    "esbuild-windows-32" "0.14.46"
    "esbuild-windows-64" "0.14.46"
    "esbuild-windows-arm64" "0.14.46"

"escape-string-regexp@^5.0.0":
  "integrity" "sha512-/veY75JbMK4j1yjvuUxuVsiS/hr/4iHs9FTT6cgTexxdE0Ly/glccBAkloH/DofkjRbZU3bnoj38mOmhkZ0lHw=="
  "resolved" "https://registry.npmjs.org/escape-string-regexp/-/escape-string-regexp-5.0.0.tgz"
  "version" "5.0.0"

"estree-walker@^2.0.2":
  "integrity" "sha512-Rfkk/Mp/DL7JVje3u18FxFujQlTNR2q6QfMSMB7AvCBx91NGj/ba3kCfza0f6dVDbw7YlRf/nDrn7pQrCCyQ/w=="
  "resolved" "https://registry.npmjs.org/estree-walker/-/estree-walker-2.0.2.tgz"
  "version" "2.0.2"

"extend@^3.0.0":
  "integrity" "sha512-fjquC59cD7CyW6urNXK0FBufkZcoiGG80wTuPujX590cB5Ttln20E2UB4S/WARVqhXffZl2LNgS+gQdPIIim/g=="
  "resolved" "https://registry.npmjs.org/extend/-/extend-3.0.2.tgz"
  "version" "3.0.2"

"fsevents@~2.3.2":
  "integrity" "sha512-xiqMQR4xAeHTuB9uWm+fFRcIOgKBMiOBP+eXiyT7jsgVCq1bkVygt00oASowB7EdtpOHaaPgKt812P9ab+DDKA=="
  "resolved" "https://registry.npmjs.org/fsevents/-/fsevents-2.3.2.tgz"
  "version" "2.3.2"

"function-bind@^1.1.1":
  "integrity" "sha512-yIovAzMX49sF8Yl58fSCWJ5svSLuaibPxXQJFLmBObTuCr0Mf1KiPopGM9NiFjiYBCbfaa2Fh6breQ6ANVTI0A=="
  "resolved" "https://registry.npmjs.org/function-bind/-/function-bind-1.1.1.tgz"
  "version" "1.1.1"

"gemoji@^7.0.0":
  "integrity" "sha512-wI0YWDIfQraQMDs0yXAVQiVBZeMm/rIYssf8LZlMDdssKF19YqJKOHkv4zvwtVQTBJ0LNmErv1S+DqlVUudz8g=="
  "resolved" "https://registry.npmjs.org/gemoji/-/gemoji-7.1.0.tgz"
  "version" "7.1.0"

"has@^1.0.3":
  "integrity" "sha512-f2dvO0VU6Oej7RkWJGrehjbzMAjFp5/VKPp5tTpWIV4JHHZK1/BxbFRtf/siA2SWTe09caDmVtYYzWEIbBS4zw=="
  "resolved" "https://registry.npmjs.org/has/-/has-1.0.3.tgz"
  "version" "1.0.3"
  dependencies:
    "function-bind" "^1.1.1"

"highlight.js@^11.5.1":
  "integrity" "sha512-LKzHqnxr4CrD2YsNoIf/o5nJ09j4yi/GcH5BnYz9UnVpZdS4ucMgvP61TDty5xJcFGRjnH4DpujkS9bHT3hq0Q=="
  "resolved" "https://registry.npmjs.org/highlight.js/-/highlight.js-11.5.1.tgz"
  "version" "11.5.1"

"is-buffer@^2.0.0":
  "integrity" "sha512-i2R6zNFDwgEHJyQUtJEk0XFi1i0dPFn/oqjK3/vPCcDeJvW5NQ83V8QbicfF1SupOaB0h8ntgBC2YiE7dfyctQ=="
  "resolved" "https://registry.npmjs.org/is-buffer/-/is-buffer-2.0.5.tgz"
  "version" "2.0.5"

"is-core-module@^2.9.0":
  "integrity" "sha512-+5FPy5PnwmO3lvfMb0AsoPaBG+5KHUI0wYFXOtYPnVVVspTFUuMZNfNaNVRt3FZadstu2c8x23vykRW/NBoU6A=="
  "resolved" "https://registry.npmjs.org/is-core-module/-/is-core-module-2.9.0.tgz"
  "version" "2.9.0"
  dependencies:
    "has" "^1.0.3"

"is-plain-obj@^4.0.0":
  "integrity" "sha512-+Pgi+vMuUNkJyExiMBt5IlFoMyKnr5zhJ4Uspz58WOhBF5QoIZkFyNHIbBAtHwzVAgk5RtndVNsDRN61/mmDqg=="
  "resolved" "https://registry.npmjs.org/is-plain-obj/-/is-plain-obj-4.1.0.tgz"
  "version" "4.1.0"

"katex@^0.13.0":
  "integrity" "sha512-jZxYuKCma3VS5UuxOx/rFV1QyGSl3Uy/i0kTJF3HgQ5xMinCQVF8Zd4bMY/9aI9b9A2pjIBOsjSSm68ykTAr8w=="
  "resolved" "https://registry.npmjs.org/katex/-/katex-0.13.24.tgz"
  "version" "0.13.24"
  dependencies:
    "commander" "^8.0.0"

"katex@^0.16.0":
  "integrity" "sha512-wPRB4iUPysfH97wTgG5/tRLYxmKVq6Q4jRAWRVOUxXB1dsiv4cvcNjqabHkrOvJHM1Bpk3WrgmllSO1vIvP24w=="
  "resolved" "https://registry.npmjs.org/katex/-/katex-0.16.0.tgz"
  "version" "0.16.0"
  dependencies:
    "commander" "^8.0.0"

"kleur@^4.0.3":
  "integrity" "sha512-o+NO+8WrRiQEE4/7nwRJhN1HWpVmJm511pBHUxPLtp0BUISzlBplORYSmTclCnJvQq2tKu/sgl3xVpkc7ZWuQQ=="
  "resolved" "https://registry.npmjs.org/kleur/-/kleur-4.1.5.tgz"
  "version" "4.1.5"

"longest-streak@^3.0.0":
  "integrity" "sha512-cHlYSUpL2s7Fb3394mYxwTYj8niTaNHUCLr0qdiCXQfSjfuA7CKofpX2uSwEfFDQ0EB7JcnMnm+GjbqqoinYYg=="
  "resolved" "https://registry.npmjs.org/longest-streak/-/longest-streak-3.0.1.tgz"
  "version" "3.0.1"

"magic-string@^0.25.7":
  "integrity" "sha512-RmF0AsMzgt25qzqqLc1+MbHmhdx0ojF2Fvs4XnOqz2ZOBXzzkEwc/dJQZCYHAn7v1jbVOjAZfK8msRn4BxO4VQ=="
  "resolved" "https://registry.npmjs.org/magic-string/-/magic-string-0.25.9.tgz"
  "version" "0.25.9"
  dependencies:
    "sourcemap-codec" "^1.4.8"

"markdown-table@^3.0.0":
  "integrity" "sha512-y8j3a5/DkJCmS5x4dMCQL+OR0+2EAq3DOtio1COSHsmW2BGXnNCK3v12hJt1LrUz5iZH5g0LmuYOjDdI+czghA=="
  "resolved" "https://registry.npmjs.org/markdown-table/-/markdown-table-3.0.2.tgz"
  "version" "3.0.2"

"mdast-util-find-and-replace@^2.0.0":
  "integrity" "sha512-bz8hUWkMX7UcasORORcyBEsTKJ+dBiFwRPrm43hHC9NMRylIMLbfO5rwfeCN+UtY4AAi7s8WqXftb9eX6ZsqCg=="
  "resolved" "https://registry.npmjs.org/mdast-util-find-and-replace/-/mdast-util-find-and-replace-2.2.0.tgz"
  "version" "2.2.0"
  dependencies:
    "escape-string-regexp" "^5.0.0"
    "unist-util-is" "^5.0.0"
    "unist-util-visit-parents" "^5.0.0"

"mdast-util-from-markdown@^1.0.0":
  "integrity" "sha512-iZJyyvKD1+K7QX1b5jXdE7Sc5dtoTry1vzV28UZZe8Z1xVnB/czKntJ7ZAkG0tANqRnBF6p3p7GpU1y19DTf2Q=="
  "resolved" "https://registry.npmjs.org/mdast-util-from-markdown/-/mdast-util-from-markdown-1.2.0.tgz"
  "version" "1.2.0"
  dependencies:
    "@types/mdast" "^3.0.0"
    "@types/unist" "^2.0.0"
    "decode-named-character-reference" "^1.0.0"
    "mdast-util-to-string" "^3.1.0"
    "micromark" "^3.0.0"
    "micromark-util-decode-numeric-character-reference" "^1.0.0"
    "micromark-util-decode-string" "^1.0.0"
    "micromark-util-normalize-identifier" "^1.0.0"
    "micromark-util-symbol" "^1.0.0"
    "micromark-util-types" "^1.0.0"
    "unist-util-stringify-position" "^3.0.0"
    "uvu" "^0.5.0"

"mdast-util-gfm-autolink-literal@^1.0.0":
  "integrity" "sha512-FzopkOd4xTTBeGXhXSBU0OCDDh5lUj2rd+HQqG92Ld+jL4lpUfgX2AT2OHAVP9aEeDKp7G92fuooSZcYJA3cRg=="
  "resolved" "https://registry.npmjs.org/mdast-util-gfm-autolink-literal/-/mdast-util-gfm-autolink-literal-1.0.2.tgz"
  "version" "1.0.2"
  dependencies:
    "@types/mdast" "^3.0.0"
    "ccount" "^2.0.0"
    "mdast-util-find-and-replace" "^2.0.0"
    "micromark-util-character" "^1.0.0"

"mdast-util-gfm-footnote@^1.0.0":
  "integrity" "sha512-p+PrYlkw9DeCRkTVw1duWqPRHX6Ywh2BNKJQcZbCwAuP/59B0Lk9kakuAd7KbQprVO4GzdW8eS5++A9PUSqIyw=="
  "resolved" "https://registry.npmjs.org/mdast-util-gfm-footnote/-/mdast-util-gfm-footnote-1.0.1.tgz"
  "version" "1.0.1"
  dependencies:
    "@types/mdast" "^3.0.0"
    "mdast-util-to-markdown" "^1.3.0"
    "micromark-util-normalize-identifier" "^1.0.0"

"mdast-util-gfm-strikethrough@^1.0.0":
  "integrity" "sha512-zKJbEPe+JP6EUv0mZ0tQUyLQOC+FADt0bARldONot/nefuISkaZFlmVK4tU6JgfyZGrky02m/I6PmehgAgZgqg=="
  "resolved" "https://registry.npmjs.org/mdast-util-gfm-strikethrough/-/mdast-util-gfm-strikethrough-1.0.1.tgz"
  "version" "1.0.1"
  dependencies:
    "@types/mdast" "^3.0.0"
    "mdast-util-to-markdown" "^1.3.0"

"mdast-util-gfm-table@^1.0.0":
  "integrity" "sha512-aEuoPwZyP4iIMkf2cLWXxx3EQ6Bmh2yKy9MVCg4i6Sd3cX80dcLEfXO/V4ul3pGH9czBK4kp+FAl+ZHmSUt9/w=="
  "resolved" "https://registry.npmjs.org/mdast-util-gfm-table/-/mdast-util-gfm-table-1.0.4.tgz"
  "version" "1.0.4"
  dependencies:
    "markdown-table" "^3.0.0"
    "mdast-util-from-markdown" "^1.0.0"
    "mdast-util-to-markdown" "^1.3.0"

"mdast-util-gfm-task-list-item@^1.0.0":
  "integrity" "sha512-KZ4KLmPdABXOsfnM6JHUIjxEvcx2ulk656Z/4Balw071/5qgnhz+H1uGtf2zIGnrnvDC8xR4Fj9uKbjAFGNIeA=="
  "resolved" "https://registry.npmjs.org/mdast-util-gfm-task-list-item/-/mdast-util-gfm-task-list-item-1.0.1.tgz"
  "version" "1.0.1"
  dependencies:
    "@types/mdast" "^3.0.0"
    "mdast-util-to-markdown" "^1.3.0"

"mdast-util-gfm@^2.0.0":
  "integrity" "sha512-42yHBbfWIFisaAfV1eixlabbsa6q7vHeSPY+cg+BBjX51M8xhgMacqH9g6TftB/9+YkcI0ooV4ncfrJslzm/RQ=="
  "resolved" "https://registry.npmjs.org/mdast-util-gfm/-/mdast-util-gfm-2.0.1.tgz"
  "version" "2.0.1"
  dependencies:
    "mdast-util-from-markdown" "^1.0.0"
    "mdast-util-gfm-autolink-literal" "^1.0.0"
    "mdast-util-gfm-footnote" "^1.0.0"
    "mdast-util-gfm-strikethrough" "^1.0.0"
    "mdast-util-gfm-table" "^1.0.0"
    "mdast-util-gfm-task-list-item" "^1.0.0"
    "mdast-util-to-markdown" "^1.0.0"

"mdast-util-math@^2.0.0":
  "integrity" "sha512-ZZtjyRwobsiVg4bY0Q5CzAZztpbjRIA7ZlMMb0PNkwTXOnJTUoHvzBhVG95LIuek5Mlj1l2P+jBvWviqW7G+0A=="
  "resolved" "https://registry.npmjs.org/mdast-util-math/-/mdast-util-math-2.0.1.tgz"
  "version" "2.0.1"
  dependencies:
    "@types/mdast" "^3.0.0"
    "longest-streak" "^3.0.0"
    "mdast-util-to-markdown" "^1.3.0"

"mdast-util-to-markdown@^1.0.0", "mdast-util-to-markdown@^1.3.0":
  "integrity" "sha512-6tUSs4r+KK4JGTTiQ7FfHmVOaDrLQJPmpjD6wPMlHGUVXoG9Vjc3jIeP+uyBWRf8clwB2blM+W7+KrlMYQnftA=="
  "resolved" "https://registry.npmjs.org/mdast-util-to-markdown/-/mdast-util-to-markdown-1.3.0.tgz"
  "version" "1.3.0"
  dependencies:
    "@types/mdast" "^3.0.0"
    "@types/unist" "^2.0.0"
    "longest-streak" "^3.0.0"
    "mdast-util-to-string" "^3.0.0"
    "micromark-util-decode-string" "^1.0.0"
    "unist-util-visit" "^4.0.0"
    "zwitch" "^2.0.0"

"mdast-util-to-string@^3.0.0", "mdast-util-to-string@^3.1.0":
  "integrity" "sha512-n4Vypz/DZgwo0iMHLQL49dJzlp7YtAJP+N07MZHpjPf/5XJuHUWstviF4Mn2jEiR/GNmtnRRqnwsXExk3igfFA=="
  "resolved" "https://registry.npmjs.org/mdast-util-to-string/-/mdast-util-to-string-3.1.0.tgz"
  "version" "3.1.0"

"medium-zoom@^1.0.6":
  "integrity" "sha512-UdiUWfvz9fZMg1pzf4dcuqA0W079o0mpqbTnOz5ip4VGYX96QjmbM+OgOU/0uOzAytxC0Ny4z+VcYQnhdifimg=="
  "resolved" "https://registry.npmjs.org/medium-zoom/-/medium-zoom-1.0.6.tgz"
  "version" "1.0.6"

"micromark-core-commonmark@^1.0.0", "micromark-core-commonmark@^1.0.1":
  "integrity" "sha512-K+PkJTxqjFfSNkfAhp4GB+cZPfQd6dxtTXnf+RjZOV7T4EEXnvgzOcnp+eSTmpGk9d1S9sL6/lqrgSNn/s0HZA=="
  "resolved" "https://registry.npmjs.org/micromark-core-commonmark/-/micromark-core-commonmark-1.0.6.tgz"
  "version" "1.0.6"
  dependencies:
    "decode-named-character-reference" "^1.0.0"
    "micromark-factory-destination" "^1.0.0"
    "micromark-factory-label" "^1.0.0"
    "micromark-factory-space" "^1.0.0"
    "micromark-factory-title" "^1.0.0"
    "micromark-factory-whitespace" "^1.0.0"
    "micromark-util-character" "^1.0.0"
    "micromark-util-chunked" "^1.0.0"
    "micromark-util-classify-character" "^1.0.0"
    "micromark-util-html-tag-name" "^1.0.0"
    "micromark-util-normalize-identifier" "^1.0.0"
    "micromark-util-resolve-all" "^1.0.0"
    "micromark-util-subtokenize" "^1.0.0"
    "micromark-util-symbol" "^1.0.0"
    "micromark-util-types" "^1.0.1"
    "uvu" "^0.5.0"

"micromark-extension-gfm-autolink-literal@^1.0.0":
  "integrity" "sha512-i3dmvU0htawfWED8aHMMAzAVp/F0Z+0bPh3YrbTPPL1v4YAlCZpy5rBO5p0LPYiZo0zFVkoYh7vDU7yQSiCMjg=="
  "resolved" "https://registry.npmjs.org/micromark-extension-gfm-autolink-literal/-/micromark-extension-gfm-autolink-literal-1.0.3.tgz"
  "version" "1.0.3"
  dependencies:
    "micromark-util-character" "^1.0.0"
    "micromark-util-sanitize-uri" "^1.0.0"
    "micromark-util-symbol" "^1.0.0"
    "micromark-util-types" "^1.0.0"
    "uvu" "^0.5.0"

"micromark-extension-gfm-footnote@^1.0.0":
  "integrity" "sha512-E/fmPmDqLiMUP8mLJ8NbJWJ4bTw6tS+FEQS8CcuDtZpILuOb2kjLqPEeAePF1djXROHXChM/wPJw0iS4kHCcIg=="
  "resolved" "https://registry.npmjs.org/micromark-extension-gfm-footnote/-/micromark-extension-gfm-footnote-1.0.4.tgz"
  "version" "1.0.4"
  dependencies:
    "micromark-core-commonmark" "^1.0.0"
    "micromark-factory-space" "^1.0.0"
    "micromark-util-character" "^1.0.0"
    "micromark-util-normalize-identifier" "^1.0.0"
    "micromark-util-sanitize-uri" "^1.0.0"
    "micromark-util-symbol" "^1.0.0"
    "micromark-util-types" "^1.0.0"
    "uvu" "^0.5.0"

"micromark-extension-gfm-strikethrough@^1.0.0":
  "integrity" "sha512-/vjHU/lalmjZCT5xt7CcHVJGq8sYRm80z24qAKXzaHzem/xsDYb2yLL+NNVbYvmpLx3O7SYPuGL5pzusL9CLIQ=="
  "resolved" "https://registry.npmjs.org/micromark-extension-gfm-strikethrough/-/micromark-extension-gfm-strikethrough-1.0.4.tgz"
  "version" "1.0.4"
  dependencies:
    "micromark-util-chunked" "^1.0.0"
    "micromark-util-classify-character" "^1.0.0"
    "micromark-util-resolve-all" "^1.0.0"
    "micromark-util-symbol" "^1.0.0"
    "micromark-util-types" "^1.0.0"
    "uvu" "^0.5.0"

"micromark-extension-gfm-table@^1.0.0":
  "integrity" "sha512-xAZ8J1X9W9K3JTJTUL7G6wSKhp2ZYHrFk5qJgY/4B33scJzE2kpfRL6oiw/veJTbt7jiM/1rngLlOKPWr1G+vg=="
  "resolved" "https://registry.npmjs.org/micromark-extension-gfm-table/-/micromark-extension-gfm-table-1.0.5.tgz"
  "version" "1.0.5"
  dependencies:
    "micromark-factory-space" "^1.0.0"
    "micromark-util-character" "^1.0.0"
    "micromark-util-symbol" "^1.0.0"
    "micromark-util-types" "^1.0.0"
    "uvu" "^0.5.0"

"micromark-extension-gfm-tagfilter@^1.0.0":
  "integrity" "sha512-Ty6psLAcAjboRa/UKUbbUcwjVAv5plxmpUTy2XC/3nJFL37eHej8jrHrRzkqcpipJliuBH30DTs7+3wqNcQUVA=="
  "resolved" "https://registry.npmjs.org/micromark-extension-gfm-tagfilter/-/micromark-extension-gfm-tagfilter-1.0.1.tgz"
  "version" "1.0.1"
  dependencies:
    "micromark-util-types" "^1.0.0"

"micromark-extension-gfm-task-list-item@^1.0.0":
  "integrity" "sha512-PpysK2S1Q/5VXi72IIapbi/jliaiOFzv7THH4amwXeYXLq3l1uo8/2Be0Ac1rEwK20MQEsGH2ltAZLNY2KI/0Q=="
  "resolved" "https://registry.npmjs.org/micromark-extension-gfm-task-list-item/-/micromark-extension-gfm-task-list-item-1.0.3.tgz"
  "version" "1.0.3"
  dependencies:
    "micromark-factory-space" "^1.0.0"
    "micromark-util-character" "^1.0.0"
    "micromark-util-symbol" "^1.0.0"
    "micromark-util-types" "^1.0.0"
    "uvu" "^0.5.0"

"micromark-extension-gfm@^2.0.0":
  "integrity" "sha512-p2sGjajLa0iYiGQdT0oelahRYtMWvLjy8J9LOCxzIQsllMCGLbsLW+Nc+N4vi02jcRJvedVJ68cjelKIO6bpDA=="
  "resolved" "https://registry.npmjs.org/micromark-extension-gfm/-/micromark-extension-gfm-2.0.1.tgz"
  "version" "2.0.1"
  dependencies:
    "micromark-extension-gfm-autolink-literal" "^1.0.0"
    "micromark-extension-gfm-footnote" "^1.0.0"
    "micromark-extension-gfm-strikethrough" "^1.0.0"
    "micromark-extension-gfm-table" "^1.0.0"
    "micromark-extension-gfm-tagfilter" "^1.0.0"
    "micromark-extension-gfm-task-list-item" "^1.0.0"
    "micromark-util-combine-extensions" "^1.0.0"
    "micromark-util-types" "^1.0.0"

"micromark-extension-math@^2.0.0":
  "integrity" "sha512-cFv2B/E4pFPBBFuGgLHkkNiFAIQv08iDgPH2HCuR2z3AUgMLecES5Cq7AVtwOtZeRrbA80QgMUk8VVW0Z+D2FA=="
  "resolved" "https://registry.npmjs.org/micromark-extension-math/-/micromark-extension-math-2.0.2.tgz"
  "version" "2.0.2"
  dependencies:
    "@types/katex" "^0.11.0"
    "katex" "^0.13.0"
    "micromark-factory-space" "^1.0.0"
    "micromark-util-character" "^1.0.0"
    "micromark-util-symbol" "^1.0.0"
    "micromark-util-types" "^1.0.0"
    "uvu" "^0.5.0"

"micromark-factory-destination@^1.0.0":
  "integrity" "sha512-eUBA7Rs1/xtTVun9TmV3gjfPz2wEwgK5R5xcbIM5ZYAtvGF6JkyaDsj0agx8urXnO31tEO6Ug83iVH3tdedLnw=="
  "resolved" "https://registry.npmjs.org/micromark-factory-destination/-/micromark-factory-destination-1.0.0.tgz"
  "version" "1.0.0"
  dependencies:
    "micromark-util-character" "^1.0.0"
    "micromark-util-symbol" "^1.0.0"
    "micromark-util-types" "^1.0.0"

"micromark-factory-label@^1.0.0":
  "integrity" "sha512-CTIwxlOnU7dEshXDQ+dsr2n+yxpP0+fn271pu0bwDIS8uqfFcumXpj5mLn3hSC8iw2MUr6Gx8EcKng1dD7i6hg=="
  "resolved" "https://registry.npmjs.org/micromark-factory-label/-/micromark-factory-label-1.0.2.tgz"
  "version" "1.0.2"
  dependencies:
    "micromark-util-character" "^1.0.0"
    "micromark-util-symbol" "^1.0.0"
    "micromark-util-types" "^1.0.0"
    "uvu" "^0.5.0"

"micromark-factory-space@^1.0.0":
  "integrity" "sha512-qUmqs4kj9a5yBnk3JMLyjtWYN6Mzfcx8uJfi5XAveBniDevmZasdGBba5b4QsvRcAkmvGo5ACmSUmyGiKTLZew=="
  "resolved" "https://registry.npmjs.org/micromark-factory-space/-/micromark-factory-space-1.0.0.tgz"
  "version" "1.0.0"
  dependencies:
    "micromark-util-character" "^1.0.0"
    "micromark-util-types" "^1.0.0"

"micromark-factory-title@^1.0.0":
  "integrity" "sha512-zily+Nr4yFqgMGRKLpTVsNl5L4PMu485fGFDOQJQBl2NFpjGte1e86zC0da93wf97jrc4+2G2GQudFMHn3IX+A=="
  "resolved" "https://registry.npmjs.org/micromark-factory-title/-/micromark-factory-title-1.0.2.tgz"
  "version" "1.0.2"
  dependencies:
    "micromark-factory-space" "^1.0.0"
    "micromark-util-character" "^1.0.0"
    "micromark-util-symbol" "^1.0.0"
    "micromark-util-types" "^1.0.0"
    "uvu" "^0.5.0"

"micromark-factory-whitespace@^1.0.0":
  "integrity" "sha512-Qx7uEyahU1lt1RnsECBiuEbfr9INjQTGa6Err+gF3g0Tx4YEviPbqqGKNv/NrBaE7dVHdn1bVZKM/n5I/Bak7A=="
  "resolved" "https://registry.npmjs.org/micromark-factory-whitespace/-/micromark-factory-whitespace-1.0.0.tgz"
  "version" "1.0.0"
  dependencies:
    "micromark-factory-space" "^1.0.0"
    "micromark-util-character" "^1.0.0"
    "micromark-util-symbol" "^1.0.0"
    "micromark-util-types" "^1.0.0"

"micromark-util-character@^1.0.0":
  "integrity" "sha512-agJ5B3unGNJ9rJvADMJ5ZiYjBRyDpzKAOk01Kpi1TKhlT1APx3XZk6eN7RtSz1erbWHC2L8T3xLZ81wdtGRZzg=="
  "resolved" "https://registry.npmjs.org/micromark-util-character/-/micromark-util-character-1.1.0.tgz"
  "version" "1.1.0"
  dependencies:
    "micromark-util-symbol" "^1.0.0"
    "micromark-util-types" "^1.0.0"

"micromark-util-chunked@^1.0.0":
  "integrity" "sha512-5e8xTis5tEZKgesfbQMKRCyzvffRRUX+lK/y+DvsMFdabAicPkkZV6gO+FEWi9RfuKKoxxPwNL+dFF0SMImc1g=="
  "resolved" "https://registry.npmjs.org/micromark-util-chunked/-/micromark-util-chunked-1.0.0.tgz"
  "version" "1.0.0"
  dependencies:
    "micromark-util-symbol" "^1.0.0"

"micromark-util-classify-character@^1.0.0":
  "integrity" "sha512-F8oW2KKrQRb3vS5ud5HIqBVkCqQi224Nm55o5wYLzY/9PwHGXC01tr3d7+TqHHz6zrKQ72Okwtvm/xQm6OVNZA=="
  "resolved" "https://registry.npmjs.org/micromark-util-classify-character/-/micromark-util-classify-character-1.0.0.tgz"
  "version" "1.0.0"
  dependencies:
    "micromark-util-character" "^1.0.0"
    "micromark-util-symbol" "^1.0.0"
    "micromark-util-types" "^1.0.0"

"micromark-util-combine-extensions@^1.0.0":
  "integrity" "sha512-J8H058vFBdo/6+AsjHp2NF7AJ02SZtWaVUjsayNFeAiydTxUwViQPxN0Hf8dp4FmCQi0UUFovFsEyRSUmFH3MA=="
  "resolved" "https://registry.npmjs.org/micromark-util-combine-extensions/-/micromark-util-combine-extensions-1.0.0.tgz"
  "version" "1.0.0"
  dependencies:
    "micromark-util-chunked" "^1.0.0"
    "micromark-util-types" "^1.0.0"

"micromark-util-decode-numeric-character-reference@^1.0.0":
  "integrity" "sha512-OzO9AI5VUtrTD7KSdagf4MWgHMtET17Ua1fIpXTpuhclCqD8egFWo85GxSGvxgkGS74bEahvtM0WP0HjvV0e4w=="
  "resolved" "https://registry.npmjs.org/micromark-util-decode-numeric-character-reference/-/micromark-util-decode-numeric-character-reference-1.0.0.tgz"
  "version" "1.0.0"
  dependencies:
    "micromark-util-symbol" "^1.0.0"

"micromark-util-decode-string@^1.0.0":
  "integrity" "sha512-DLT5Ho02qr6QWVNYbRZ3RYOSSWWFuH3tJexd3dgN1odEuPNxCngTCXJum7+ViRAd9BbdxCvMToPOD/IvVhzG6Q=="
  "resolved" "https://registry.npmjs.org/micromark-util-decode-string/-/micromark-util-decode-string-1.0.2.tgz"
  "version" "1.0.2"
  dependencies:
    "decode-named-character-reference" "^1.0.0"
    "micromark-util-character" "^1.0.0"
    "micromark-util-decode-numeric-character-reference" "^1.0.0"
    "micromark-util-symbol" "^1.0.0"

"micromark-util-encode@^1.0.0":
  "integrity" "sha512-U2s5YdnAYexjKDel31SVMPbfi+eF8y1U4pfiRW/Y8EFVCy/vgxk/2wWTxzcqE71LHtCuCzlBDRU2a5CQ5j+mQA=="
  "resolved" "https://registry.npmjs.org/micromark-util-encode/-/micromark-util-encode-1.0.1.tgz"
  "version" "1.0.1"

"micromark-util-html-tag-name@^1.0.0":
  "integrity" "sha512-BKlClMmYROy9UiV03SwNmckkjn8QHVaWkqoAqzivabvdGcwNGMMMH/5szAnywmsTBUzDsU57/mFi0sp4BQO6dA=="
  "resolved" "https://registry.npmjs.org/micromark-util-html-tag-name/-/micromark-util-html-tag-name-1.1.0.tgz"
  "version" "1.1.0"

"micromark-util-normalize-identifier@^1.0.0":
  "integrity" "sha512-yg+zrL14bBTFrQ7n35CmByWUTFsgst5JhA4gJYoty4Dqzj4Z4Fr/DHekSS5aLfH9bdlfnSvKAWsAgJhIbogyBg=="
  "resolved" "https://registry.npmjs.org/micromark-util-normalize-identifier/-/micromark-util-normalize-identifier-1.0.0.tgz"
  "version" "1.0.0"
  dependencies:
    "micromark-util-symbol" "^1.0.0"

"micromark-util-resolve-all@^1.0.0":
  "integrity" "sha512-CB/AGk98u50k42kvgaMM94wzBqozSzDDaonKU7P7jwQIuH2RU0TeBqGYJz2WY1UdihhjweivStrJ2JdkdEmcfw=="
  "resolved" "https://registry.npmjs.org/micromark-util-resolve-all/-/micromark-util-resolve-all-1.0.0.tgz"
  "version" "1.0.0"
  dependencies:
    "micromark-util-types" "^1.0.0"

"micromark-util-sanitize-uri@^1.0.0":
  "integrity" "sha512-cCxvBKlmac4rxCGx6ejlIviRaMKZc0fWm5HdCHEeDWRSkn44l6NdYVRyU+0nT1XC72EQJMZV8IPHF+jTr56lAg=="
  "resolved" "https://registry.npmjs.org/micromark-util-sanitize-uri/-/micromark-util-sanitize-uri-1.0.0.tgz"
  "version" "1.0.0"
  dependencies:
    "micromark-util-character" "^1.0.0"
    "micromark-util-encode" "^1.0.0"
    "micromark-util-symbol" "^1.0.0"

"micromark-util-subtokenize@^1.0.0":
  "integrity" "sha512-d90uqCnXp/cy4G881Ub4psE57Sf8YD0pim9QdjCRNjfas2M1u6Lbt+XZK9gnHL2XFhnozZiEdCa9CNfXSfQ6xA=="
  "resolved" "https://registry.npmjs.org/micromark-util-subtokenize/-/micromark-util-subtokenize-1.0.2.tgz"
  "version" "1.0.2"
  dependencies:
    "micromark-util-chunked" "^1.0.0"
    "micromark-util-symbol" "^1.0.0"
    "micromark-util-types" "^1.0.0"
    "uvu" "^0.5.0"

"micromark-util-symbol@^1.0.0":
  "integrity" "sha512-oKDEMK2u5qqAptasDAwWDXq0tG9AssVwAx3E9bBF3t/shRIGsWIRG+cGafs2p/SnDSOecnt6hZPCE2o6lHfFmQ=="
  "resolved" "https://registry.npmjs.org/micromark-util-symbol/-/micromark-util-symbol-1.0.1.tgz"
  "version" "1.0.1"

"micromark-util-types@^1.0.0", "micromark-util-types@^1.0.1":
  "integrity" "sha512-DCfg/T8fcrhrRKTPjRrw/5LLvdGV7BHySf/1LOZx7TzWZdYRjogNtyNq885z3nNallwr3QUKARjqvHqX1/7t+w=="
  "resolved" "https://registry.npmjs.org/micromark-util-types/-/micromark-util-types-1.0.2.tgz"
  "version" "1.0.2"

"micromark@^3.0.0":
  "integrity" "sha512-ryTDy6UUunOXy2HPjelppgJ2sNfcPz1pLlMdA6Rz9jPzhLikWXv/irpWV/I2jd68Uhmny7hHxAlAhk4+vWggpg=="
  "resolved" "https://registry.npmjs.org/micromark/-/micromark-3.0.10.tgz"
  "version" "3.0.10"
  dependencies:
    "@types/debug" "^4.0.0"
    "debug" "^4.0.0"
    "decode-named-character-reference" "^1.0.0"
    "micromark-core-commonmark" "^1.0.1"
    "micromark-factory-space" "^1.0.0"
    "micromark-util-character" "^1.0.0"
    "micromark-util-chunked" "^1.0.0"
    "micromark-util-combine-extensions" "^1.0.0"
    "micromark-util-decode-numeric-character-reference" "^1.0.0"
    "micromark-util-encode" "^1.0.0"
    "micromark-util-normalize-identifier" "^1.0.0"
    "micromark-util-resolve-all" "^1.0.0"
    "micromark-util-sanitize-uri" "^1.0.0"
    "micromark-util-subtokenize" "^1.0.0"
    "micromark-util-symbol" "^1.0.0"
    "micromark-util-types" "^1.0.1"
    "uvu" "^0.5.0"

"mri@^1.1.0":
  "integrity" "sha512-tzzskb3bG8LvYGFF/mDTpq3jpI6Q9wc3LEmBaghu+DdCssd1FakN7Bc0hVNmEyGq1bq3RgfkCb3cmQLpNPOroA=="
  "resolved" "https://registry.npmjs.org/mri/-/mri-1.2.0.tgz"
  "version" "1.2.0"

"ms@2.1.2":
  "integrity" "sha512-sGkPx+VjMtmA6MX27oA4FBFELFCZZ4S4XqeGOXCv68tT+jb3vk/RyaKWP0PTKyWtmLSM0b+adUTEvbs1PEaH2w=="
  "resolved" "https://registry.npmjs.org/ms/-/ms-2.1.2.tgz"
  "version" "2.1.2"

"nanoid@^3.3.4":
  "integrity" "sha512-MqBkQh/OHTS2egovRtLk45wEyNXwF+cokD+1YPf9u5VfJiRdAiRwB2froX5Co9Rh20xs4siNPm8naNotSD6RBw=="
  "resolved" "https://registry.npmjs.org/nanoid/-/nanoid-3.3.4.tgz"
  "version" "3.3.4"

"path-parse@^1.0.7":
  "integrity" "sha512-LDJzPVEEEPR+y48z93A0Ed0yXb8pAByGWo/k5YYdYgpY2/2EsOsksJrq7lOHxryrVOn1ejG6oAp8ahvOIQD8sw=="
  "resolved" "https://registry.npmjs.org/path-parse/-/path-parse-1.0.7.tgz"
  "version" "1.0.7"

"picocolors@^1.0.0":
  "integrity" "sha512-1fygroTLlHu66zi26VoTDv8yRgm0Fccecssto+MhsZ0D/DGW2sm8E8AjW7NU5VVTRt5GxbeZ5qBuJr+HyLYkjQ=="
  "resolved" "https://registry.npmjs.org/picocolors/-/picocolors-1.0.0.tgz"
  "version" "1.0.0"

"postcss@^8.1.10", "postcss@^8.4.13":
  "integrity" "sha512-E398TUmfAYFPBSdzgeieK2Y1+1cpdxJx8yXbK/m57nRhKSmk1GB2tO4lbLBtlkfPQTDKfe4Xqv1ASWPpayPEig=="
  "resolved" "https://registry.npmjs.org/postcss/-/postcss-8.4.14.tgz"
  "version" "8.4.14"
  dependencies:
    "nanoid" "^3.3.4"
    "picocolors" "^1.0.0"
    "source-map-js" "^1.0.2"

"remark-gemoji@^7.0.1":
  "integrity" "sha512-vhjuntkvYxRgM4Um6L5N7B3SrNu3eX6jNqpqAywpAvSYPbmDPNL3I5E6zWm+KPCyh3OpKRc5OPnz7SifggzePw=="
  "resolved" "https://registry.npmjs.org/remark-gemoji/-/remark-gemoji-7.0.1.tgz"
  "version" "7.0.1"
  dependencies:
    "@types/mdast" "^3.0.0"
    "gemoji" "^7.0.0"
    "unified" "^10.0.0"
    "unist-util-visit" "^4.0.0"

"remark-gfm@^3.0.1":
  "integrity" "sha512-lEFDoi2PICJyNrACFOfDD3JlLkuSbOa5Wd8EPt06HUdptv8Gn0bxYTdbU/XXQ3swAPkEaGxxPN9cbnMHvVu1Ig=="
  "resolved" "https://registry.npmjs.org/remark-gfm/-/remark-gfm-3.0.1.tgz"
  "version" "3.0.1"
  dependencies:
    "@types/mdast" "^3.0.0"
    "mdast-util-gfm" "^2.0.0"
    "micromark-extension-gfm" "^2.0.0"
    "unified" "^10.0.0"

"remark-math@^5.1.1":
  "integrity" "sha512-cE5T2R/xLVtfFI4cCePtiRn+e6jKMtFDR3P8V3qpv8wpKjwvHoBA4eJzvX+nVrnlNy0911bdGmuspCSwetfYHw=="
  "resolved" "https://registry.npmjs.org/remark-math/-/remark-math-5.1.1.tgz"
  "version" "5.1.1"
  dependencies:
    "@types/mdast" "^3.0.0"
    "mdast-util-math" "^2.0.0"
    "micromark-extension-math" "^2.0.0"
    "unified" "^10.0.0"

"resolve@^1.22.0":
  "integrity" "sha512-nBpuuYuY5jFsli/JIs1oldw6fOQCBioohqWZg/2hiaOybXOft4lonv85uDOKXdf8rhyK159cxU5cDcK/NKk8zw=="
  "resolved" "https://registry.npmjs.org/resolve/-/resolve-1.22.1.tgz"
  "version" "1.22.1"
  dependencies:
    "is-core-module" "^2.9.0"
    "path-parse" "^1.0.7"
    "supports-preserve-symlinks-flag" "^1.0.0"

"rollup@^2.59.0":
  "integrity" "sha512-VSE1iy0eaAYNCxEXaleThdFXqZJ42qDBatAwrfnPlENEZ8erQ+0LYX4JXOLPceWfZpV1VtZwZ3dFCuOZiSyFtQ=="
  "resolved" "https://registry.npmjs.org/rollup/-/rollup-2.75.7.tgz"
  "version" "2.75.7"
  optionalDependencies:
    "fsevents" "~2.3.2"

"sade@^1.7.3":
  "integrity" "sha512-xal3CZX1Xlo/k4ApwCFrHVACi9fBqJ7V+mwhBsuf/1IOKbBy098Fex+Wa/5QMubw09pSZ/u8EY8PWgevJsXp1A=="
  "resolved" "https://registry.npmjs.org/sade/-/sade-1.8.1.tgz"
  "version" "1.8.1"
  dependencies:
    "mri" "^1.1.0"

"source-map-js@^1.0.2":
  "integrity" "sha512-R0XvVJ9WusLiqTCEiGCmICCMplcCkIwwR11mOSD9CR5u+IXYdiseeEuXCVAjS54zqwkLcPNnmU4OeJ6tUrWhDw=="
  "resolved" "https://registry.npmjs.org/source-map-js/-/source-map-js-1.0.2.tgz"
  "version" "1.0.2"

"source-map@^0.6.1":
  "integrity" "sha512-UjgapumWlbMhkBgzT7Ykc5YXUT46F0iKu8SGXq0bcwP5dz/h0Plj6enJqjz1Zbq2l5WaqYnrVbwWOWMyF3F47g=="
  "resolved" "https://registry.npmjs.org/source-map/-/source-map-0.6.1.tgz"
  "version" "0.6.1"

"sourcemap-codec@^1.4.8":
  "integrity" "sha512-9NykojV5Uih4lgo5So5dtw+f0JgJX30KCNI8gwhz2J9A15wD0Ml6tjHKwf6fTSa6fAdVBdZeNOs9eJ71qCk8vA=="
  "resolved" "https://registry.npmjs.org/sourcemap-codec/-/sourcemap-codec-1.4.8.tgz"
  "version" "1.4.8"

"supports-preserve-symlinks-flag@^1.0.0":
  "integrity" "sha512-ot0WnXS9fgdkgIcePe6RHNk1WA8+muPa6cSjeR3V8K27q9BB1rTE3R1p7Hv0z1ZyAc8s6Vvv8DIyWf681MAt0w=="
  "resolved" "https://registry.npmjs.org/supports-preserve-symlinks-flag/-/supports-preserve-symlinks-flag-1.0.0.tgz"
  "version" "1.0.0"

"tauri-plugin-store-api@github:tauri-apps/tauri-plugin-store#dev":
  "resolved" "git+ssh://git@github.com/tauri-apps/tauri-plugin-store.git#17cf4d781c82a6c6578c472068c11136c0652d50"
  "version" "0.1.0"
  dependencies:
    "@tauri-apps/api" "1.0.1"
    "tslib" "2.4.0"

"trough@^2.0.0":
  "integrity" "sha512-AqTiAOLcj85xS7vQ8QkAV41hPDIJ71XJB4RCUrzo/1GM2CQwhkJGaf9Hgr7BOugMRpgGUrqRg/DrBDl4H40+8g=="
  "resolved" "https://registry.npmjs.org/trough/-/trough-2.1.0.tgz"
  "version" "2.1.0"

"tslib@2.4.0":
  "integrity" "sha512-d6xOpEDfsi2CZVlPQzGeux8XMwLT9hssAsaPYExaQMuYskwb+x1x7J371tWlbBdWHroy99KnVB6qIkUbs5X3UQ=="
  "resolved" "https://registry.npmjs.org/tslib/-/tslib-2.4.0.tgz"
  "version" "2.4.0"

"type-fest@2.13.1":
  "integrity" "sha512-hXYyrPFwETT2swFLHeoKtJrvSF/ftG/sA15/8nGaLuaDGfVAaq8DYFpu4yOyV4tzp082WqnTEoMsm3flKMI2FQ=="
  "resolved" "https://registry.npmjs.org/type-fest/-/type-fest-2.13.1.tgz"
  "version" "2.13.1"

"unified@^10.0.0":
  "integrity" "sha512-pUSWAi/RAnVy1Pif2kAoeWNBa3JVrx0MId2LASj8G+7AiHWoKZNTomq6LG326T68U7/e263X6fTdcXIy7XnF7Q=="
  "resolved" "https://registry.npmjs.org/unified/-/unified-10.1.2.tgz"
  "version" "10.1.2"
  dependencies:
    "@types/unist" "^2.0.0"
    "bail" "^2.0.0"
    "extend" "^3.0.0"
    "is-buffer" "^2.0.0"
    "is-plain-obj" "^4.0.0"
    "trough" "^2.0.0"
    "vfile" "^5.0.0"

"unist-util-is@^5.0.0":
  "integrity" "sha512-F5CZ68eYzuSvJjGhCLPL3cYx45IxkqXSetCcRgUXtbcm50X2L9oOWQlfUfDdAf+6Pd27YDblBfdtmsThXmwpbQ=="
  "resolved" "https://registry.npmjs.org/unist-util-is/-/unist-util-is-5.1.1.tgz"
  "version" "5.1.1"

"unist-util-stringify-position@^3.0.0":
  "integrity" "sha512-7A6eiDCs9UtjcwZOcCpM4aPII3bAAGv13E96IkawkOAW0OhH+yRxtY0lzo8KiHpzEMfH7Q+FizUmwp8Iqy5EWg=="
  "resolved" "https://registry.npmjs.org/unist-util-stringify-position/-/unist-util-stringify-position-3.0.2.tgz"
  "version" "3.0.2"
  dependencies:
    "@types/unist" "^2.0.0"

"unist-util-visit-parents@^5.0.0":
  "integrity" "sha512-y+QVLcY5eR/YVpqDsLf/xh9R3Q2Y4HxkZTp7ViLDU6WtJCEcPmRzW1gpdWDCDIqIlhuPDXOgttqPlykrHYDekg=="
  "resolved" "https://registry.npmjs.org/unist-util-visit-parents/-/unist-util-visit-parents-5.1.0.tgz"
  "version" "5.1.0"
  dependencies:
    "@types/unist" "^2.0.0"
    "unist-util-is" "^5.0.0"

"unist-util-visit@^4.0.0":
  "integrity" "sha512-n7lyhFKJfVZ9MnKtqbsqkQEk5P1KShj0+//V7mAcoI6bpbUjh3C/OG8HVD+pBihfh6Ovl01m8dkcv9HNqYajmQ=="
  "resolved" "https://registry.npmjs.org/unist-util-visit/-/unist-util-visit-4.1.0.tgz"
  "version" "4.1.0"
  dependencies:
    "@types/unist" "^2.0.0"
    "unist-util-is" "^5.0.0"
    "unist-util-visit-parents" "^5.0.0"

"uvu@^0.5.0":
  "integrity" "sha512-+g8ENReyr8YsOc6fv/NVJs2vFdHBnBNdfE49rshrTzDWOlUx4Gq7KOS2GD8eqhy2j+Ejq29+SbKH8yjkAqXqoA=="
  "resolved" "https://registry.npmjs.org/uvu/-/uvu-0.5.6.tgz"
  "version" "0.5.6"
  dependencies:
    "dequal" "^2.0.0"
    "diff" "^5.0.0"
    "kleur" "^4.0.3"
    "sade" "^1.7.3"

"vfile-message@^3.0.0":
  "integrity" "sha512-QjSNP6Yxzyycd4SVOtmKKyTsSvClqBPJcd00Z0zuPj3hOIjg0rUPG6DbFGPvUKRgYyaIWLPKpuEclcuvb3H8qA=="
  "resolved" "https://registry.npmjs.org/vfile-message/-/vfile-message-3.1.2.tgz"
  "version" "3.1.2"
  dependencies:
    "@types/unist" "^2.0.0"
    "unist-util-stringify-position" "^3.0.0"

"vfile@^5.0.0":
  "integrity" "sha512-KI+7cnst03KbEyN1+JE504zF5bJBZa+J+CrevLeyIMq0aPU681I2rQ5p4PlnQ6exFtWiUrg26QUdFMnAKR6PIw=="
  "resolved" "https://registry.npmjs.org/vfile/-/vfile-5.3.4.tgz"
  "version" "5.3.4"
  dependencies:
    "@types/unist" "^2.0.0"
    "is-buffer" "^2.0.0"
    "unist-util-stringify-position" "^3.0.0"
    "vfile-message" "^3.0.0"

"vite@^2.5.10", "vite@^2.9.9":
  "integrity" "sha512-suxC36dQo9Rq1qMB2qiRorNJtJAdxguu5TMvBHOc/F370KvqAe9t48vYp+/TbPKRNrMh/J55tOUmkuIqstZaew=="
  "resolved" "https://registry.npmjs.org/vite/-/vite-2.9.12.tgz"
  "version" "2.9.12"
  dependencies:
    "esbuild" "^0.14.27"
    "postcss" "^8.4.13"
    "resolve" "^1.22.0"
    "rollup" "^2.59.0"
  optionalDependencies:
    "fsevents" "~2.3.2"

"vue@^3.0.0", "vue@^3.2.25", "vue@3.2.37":
  "integrity" "sha512-bOKEZxrm8Eh+fveCqS1/NkG/n6aMidsI6hahas7pa0w/l7jkbssJVsRhVDs07IdDq7h9KHswZOgItnwJAgtVtQ=="
  "resolved" "https://registry.npmjs.org/vue/-/vue-3.2.37.tgz"
  "version" "3.2.37"
  dependencies:
    "@vue/compiler-dom" "3.2.37"
    "@vue/compiler-sfc" "3.2.37"
    "@vue/runtime-dom" "3.2.37"
    "@vue/server-renderer" "3.2.37"
    "@vue/shared" "3.2.37"

"zwitch@^2.0.0":
  "integrity" "sha512-JZxotl7SxAJH0j7dN4pxsTV6ZLXoLdGME+PsjkL/DaBrVryK9kTGq06GfKrwcSOqypP+fdXGoCHE36b99fWVoA=="
  "resolved" "https://registry.npmjs.org/zwitch/-/zwitch-2.0.2.tgz"
  "version" "2.0.2"
